
Microsoft Visual Studio Solution File, Format Version 12.00
# Visual Studio Version 16
VisualStudioVersion = 16.0.31624.102
MinimumVisualStudioVersion = 10.0.40219.1
Project("{8BC9CEB8-8B4A-11D0-8D11-00A0C91BC942}") = "Лаба 6", "Лаба 6\Лаба 6.vcxproj", "{FD5755B8-88F0-4C1C-9D87-9F606292D76E}"
EndProject
Global
	GlobalSection(SolutionConfigurationPlatforms) = preSolution
		Debug|x64 = Debug|x64
		Debug|x86 = Debug|x86
		Release|x64 = Release|x64
		Release|x86 = Release|x86
	EndGlobalSection
	GlobalSection(ProjectConfigurationPlatforms) = postSolution
		{FD5755B8-88F0-4C1C-9D87-9F606292D76E}.Debug|x64.ActiveCfg = Debug|x64
		{FD5755B8-88F0-4C1C-9D87-9F606292D76E}.Debug|x64.Build.0 = Debug|x64
		{FD5755B8-88F0-4C1C-9D87-9F606292D76E}.Debug|x86.ActiveCfg = Debug|Win32
		{FD5755B8-88F0-4C1C-9D87-9F606292D76E}.Debug|x86.Build.0 = Debug|Win32
		{FD5755B8-88F0-4C1C-9D87-9F606292D76E}.Release|x64.ActiveCfg = Release|x64
		{FD5755B8-88F0-4C1C-9D87-9F606292D76E}.Release|x64.Build.0 = Release|x64
		{FD5755B8-88F0-4C1C-9D87-9F606292D76E}.Release|x86.ActiveCfg = Release|Win32
		{FD5755B8-88F0-4C1C-9D87-9F606292D76E}.Release|x86.Build.0 = Release|Win32
	EndGlobalSection
	GlobalSection(SolutionProperties) = preSolution
		HideSolutionNode = FALSE
	EndGlobalSection
	GlobalSection(ExtensibilityGlobals) = postSolution
		SolutionGuid = {392C94BB-8FCF-4057-AE0E-2A4B3D98DC2B}
	EndGlobalSection
EndGlobal
