
Microsoft Visual Studio Solution File, Format Version 12.00
# Visual Studio Version 16
VisualStudioVersion = 16.0.31729.503
MinimumVisualStudioVersion = 10.0.40219.1
Project("{8BC9CEB8-8B4A-11D0-8D11-00A0C91BC942}") = "Лаба 6", "Лаба 6\Лаба 6.vcxproj", "{86E3FD87-73CF-4C70-9BDD-78286203E9D7}"
EndProject
Project("{8BC9CEB8-8B4A-11D0-8D11-00A0C91BC942}") = "Лаба 7", "Лаба 7\Лаба 7.vcxproj", "{ED1330C0-EB05-45EB-ADA2-410E3BE45E55}"
EndProject
Global
	GlobalSection(SolutionConfigurationPlatforms) = preSolution
		Debug|x64 = Debug|x64
		Debug|x86 = Debug|x86
		Release|x64 = Release|x64
		Release|x86 = Release|x86
	EndGlobalSection
	GlobalSection(ProjectConfigurationPlatforms) = postSolution
		{86E3FD87-73CF-4C70-9BDD-78286203E9D7}.Debug|x64.ActiveCfg = Debug|x64
		{86E3FD87-73CF-4C70-9BDD-78286203E9D7}.Debug|x64.Build.0 = Debug|x64
		{86E3FD87-73CF-4C70-9BDD-78286203E9D7}.Debug|x86.ActiveCfg = Debug|Win32
		{86E3FD87-73CF-4C70-9BDD-78286203E9D7}.Debug|x86.Build.0 = Debug|Win32
		{86E3FD87-73CF-4C70-9BDD-78286203E9D7}.Release|x64.ActiveCfg = Release|x64
		{86E3FD87-73CF-4C70-9BDD-78286203E9D7}.Release|x64.Build.0 = Release|x64
		{86E3FD87-73CF-4C70-9BDD-78286203E9D7}.Release|x86.ActiveCfg = Release|Win32
		{86E3FD87-73CF-4C70-9BDD-78286203E9D7}.Release|x86.Build.0 = Release|Win32
		{ED1330C0-EB05-45EB-ADA2-410E3BE45E55}.Debug|x64.ActiveCfg = Debug|x64
		{ED1330C0-EB05-45EB-ADA2-410E3BE45E55}.Debug|x64.Build.0 = Debug|x64
		{ED1330C0-EB05-45EB-ADA2-410E3BE45E55}.Debug|x86.ActiveCfg = Debug|Win32
		{ED1330C0-EB05-45EB-ADA2-410E3BE45E55}.Debug|x86.Build.0 = Debug|Win32
		{ED1330C0-EB05-45EB-ADA2-410E3BE45E55}.Release|x64.ActiveCfg = Release|x64
		{ED1330C0-EB05-45EB-ADA2-410E3BE45E55}.Release|x64.Build.0 = Release|x64
		{ED1330C0-EB05-45EB-ADA2-410E3BE45E55}.Release|x86.ActiveCfg = Release|Win32
		{ED1330C0-EB05-45EB-ADA2-410E3BE45E55}.Release|x86.Build.0 = Release|Win32
	EndGlobalSection
	GlobalSection(SolutionProperties) = preSolution
		HideSolutionNode = FALSE
	EndGlobalSection
	GlobalSection(ExtensibilityGlobals) = postSolution
		SolutionGuid = {16AE91DC-27EB-4359-AB33-040D08663967}
	EndGlobalSection
EndGlobal
