
Microsoft Visual Studio Solution File, Format Version 12.00
# Visual Studio Version 17
VisualStudioVersion = 17.0.31919.166
MinimumVisualStudioVersion = 10.0.40219.1
Project("{8BC9CEB8-8B4A-11D0-8D11-00A0C91BC942}") = "Лаба 16", "Лаба 16\Лаба 16.vcxproj", "{C15DFA7A-9E12-4C01-B19D-88DD17994226}"
EndProject
Project("{8BC9CEB8-8B4A-11D0-8D11-00A0C91BC942}") = "Лаба 16.2", "Лаба 16.2\Лаба 16.2.vcxproj", "{95E7FB4F-642C-4839-98B7-0BEC5BABDFA0}"
EndProject
Global
	GlobalSection(SolutionConfigurationPlatforms) = preSolution
		Debug|x64 = Debug|x64
		Debug|x86 = Debug|x86
		Release|x64 = Release|x64
		Release|x86 = Release|x86
	EndGlobalSection
	GlobalSection(ProjectConfigurationPlatforms) = postSolution
		{C15DFA7A-9E12-4C01-B19D-88DD17994226}.Debug|x64.ActiveCfg = Debug|x64
		{C15DFA7A-9E12-4C01-B19D-88DD17994226}.Debug|x64.Build.0 = Debug|x64
		{C15DFA7A-9E12-4C01-B19D-88DD17994226}.Debug|x86.ActiveCfg = Debug|Win32
		{C15DFA7A-9E12-4C01-B19D-88DD17994226}.Debug|x86.Build.0 = Debug|Win32
		{C15DFA7A-9E12-4C01-B19D-88DD17994226}.Release|x64.ActiveCfg = Release|x64
		{C15DFA7A-9E12-4C01-B19D-88DD17994226}.Release|x64.Build.0 = Release|x64
		{C15DFA7A-9E12-4C01-B19D-88DD17994226}.Release|x86.ActiveCfg = Release|Win32
		{C15DFA7A-9E12-4C01-B19D-88DD17994226}.Release|x86.Build.0 = Release|Win32
		{95E7FB4F-642C-4839-98B7-0BEC5BABDFA0}.Debug|x64.ActiveCfg = Debug|x64
		{95E7FB4F-642C-4839-98B7-0BEC5BABDFA0}.Debug|x64.Build.0 = Debug|x64
		{95E7FB4F-642C-4839-98B7-0BEC5BABDFA0}.Debug|x86.ActiveCfg = Debug|Win32
		{95E7FB4F-642C-4839-98B7-0BEC5BABDFA0}.Debug|x86.Build.0 = Debug|Win32
		{95E7FB4F-642C-4839-98B7-0BEC5BABDFA0}.Release|x64.ActiveCfg = Release|x64
		{95E7FB4F-642C-4839-98B7-0BEC5BABDFA0}.Release|x64.Build.0 = Release|x64
		{95E7FB4F-642C-4839-98B7-0BEC5BABDFA0}.Release|x86.ActiveCfg = Release|Win32
		{95E7FB4F-642C-4839-98B7-0BEC5BABDFA0}.Release|x86.Build.0 = Release|Win32
	EndGlobalSection
	GlobalSection(SolutionProperties) = preSolution
		HideSolutionNode = FALSE
	EndGlobalSection
	GlobalSection(ExtensibilityGlobals) = postSolution
		SolutionGuid = {7885B684-F785-4ED2-9915-53B3A9643097}
	EndGlobalSection
EndGlobal
